// !$*UTF8*$!
{
	archiveVersion = 1;
	classes = {
	};
	objectVersion = 56;
	objects = {

/* Begin PBXBuildFile section */
		9E269CF92B9F060000739F75 /* Cygnus in Frameworks */ = {isa = PBXBuildFile; productRef = 9E269CF82B9F060000739F75 /* Cygnus */; };
		9E269CFE2B9F09E200739F75 /* ReplWindowController.swift in Sources */ = {isa = PBXBuildFile; fileRef = 9E269CFC2B9F09E200739F75 /* ReplWindowController.swift */; };
		9E269CFF2B9F09E200739F75 /* ReplWindow.xib in Resources */ = {isa = PBXBuildFile; fileRef = 9E269CFD2B9F09E200739F75 /* ReplWindow.xib */; };
		9E269D032B9FE82000739F75 /* CanvasView.swift in Sources */ = {isa = PBXBuildFile; fileRef = 9E269D022B9FE82000739F75 /* CanvasView.swift */; };
		9E269D0B2BA02B5500739F75 /* CanvasClipView.swift in Sources */ = {isa = PBXBuildFile; fileRef = 9E269D0A2BA02B5500739F75 /* CanvasClipView.swift */; };
		9E269D182BA1414D00739F75 /* Sample.lua in Resources */ = {isa = PBXBuildFile; fileRef = 9E269D172BA1414D00739F75 /* Sample.lua */; };
		9E6344602B9EF1B7005EF691 /* AppDelegate.swift in Sources */ = {isa = PBXBuildFile; fileRef = 9E63445F2B9EF1B7005EF691 /* AppDelegate.swift */; };
		9E6344622B9EF1BA005EF691 /* Assets.xcassets in Resources */ = {isa = PBXBuildFile; fileRef = 9E6344612B9EF1BA005EF691 /* Assets.xcassets */; };
		9E6344652B9EF1BA005EF691 /* MainMenu.xib in Resources */ = {isa = PBXBuildFile; fileRef = 9E6344632B9EF1BA005EF691 /* MainMenu.xib */; };
		9E898AC52BA1A1B30053B6CA /* Renderer+Graphics.swift in Sources */ = {isa = PBXBuildFile; fileRef = 9E898AC42BA1A1B30053B6CA /* Renderer+Graphics.swift */; };
		9E93ECB92BA1469B00879416 /* LuaRunner.swift in Sources */ = {isa = PBXBuildFile; fileRef = 9E93ECB82BA1469B00879416 /* LuaRunner.swift */; };
		9E93ECBF2BA14AE000879416 /* LuaRunnerDelegate.swift in Sources */ = {isa = PBXBuildFile; fileRef = 9E93ECBE2BA14AE000879416 /* LuaRunnerDelegate.swift */; };
		9E93ECC22BA1555F00879416 /* LuaErrorExt.swift in Sources */ = {isa = PBXBuildFile; fileRef = 9E93ECC12BA1555F00879416 /* LuaErrorExt.swift */; };
		9E93ECC62BA1608300879416 /* Renderer.swift in Sources */ = {isa = PBXBuildFile; fileRef = 9E93ECC52BA1608300879416 /* Renderer.swift */; };
		9E93ECCB2BA162C700879416 /* LuaExt.swift in Sources */ = {isa = PBXBuildFile; fileRef = 9E93ECCA2BA162C700879416 /* LuaExt.swift */; };
		9E93ECCD2BA1671700879416 /* CanvasViewDelegate.swift in Sources */ = {isa = PBXBuildFile; fileRef = 9E93ECCC2BA1671700879416 /* CanvasViewDelegate.swift */; };
		9E93ECCF2BA1689F00879416 /* CGColorExt.swift in Sources */ = {isa = PBXBuildFile; fileRef = 9E93ECCE2BA1689F00879416 /* CGColorExt.swift */; };
/* End PBXBuildFile section */

/* Begin PBXFileReference section */
		9E269CFC2B9F09E200739F75 /* ReplWindowController.swift */ = {isa = PBXFileReference; lastKnownFileType = sourcecode.swift; path = ReplWindowController.swift; sourceTree = "<group>"; };
		9E269CFD2B9F09E200739F75 /* ReplWindow.xib */ = {isa = PBXFileReference; lastKnownFileType = file.xib; path = ReplWindow.xib; sourceTree = "<group>"; };
		9E269D022B9FE82000739F75 /* CanvasView.swift */ = {isa = PBXFileReference; lastKnownFileType = sourcecode.swift; path = CanvasView.swift; sourceTree = "<group>"; };
		9E269D0A2BA02B5500739F75 /* CanvasClipView.swift */ = {isa = PBXFileReference; lastKnownFileType = sourcecode.swift; path = CanvasClipView.swift; sourceTree = "<group>"; };
		9E269D172BA1414D00739F75 /* Sample.lua */ = {isa = PBXFileReference; lastKnownFileType = text; path = Sample.lua; sourceTree = "<group>"; };
		9E63445C2B9EF1B7005EF691 /* Asteroid for mac.app */ = {isa = PBXFileReference; explicitFileType = wrapper.application; includeInIndex = 0; path = "Asteroid for mac.app"; sourceTree = BUILT_PRODUCTS_DIR; };
		9E63445F2B9EF1B7005EF691 /* AppDelegate.swift */ = {isa = PBXFileReference; lastKnownFileType = sourcecode.swift; path = AppDelegate.swift; sourceTree = "<group>"; };
		9E6344612B9EF1BA005EF691 /* Assets.xcassets */ = {isa = PBXFileReference; lastKnownFileType = folder.assetcatalog; path = Assets.xcassets; sourceTree = "<group>"; };
		9E6344642B9EF1BA005EF691 /* Base */ = {isa = PBXFileReference; lastKnownFileType = file.xib; name = Base; path = Base.lproj/MainMenu.xib; sourceTree = "<group>"; };
		9E6344662B9EF1BA005EF691 /* Cygnus_demo_macOS.entitlements */ = {isa = PBXFileReference; lastKnownFileType = text.plist.entitlements; path = Cygnus_demo_macOS.entitlements; sourceTree = "<group>"; };
		9E898AC42BA1A1B30053B6CA /* Renderer+Graphics.swift */ = {isa = PBXFileReference; lastKnownFileType = sourcecode.swift; path = "Renderer+Graphics.swift"; sourceTree = "<group>"; };
		9E93ECB82BA1469B00879416 /* LuaRunner.swift */ = {isa = PBXFileReference; lastKnownFileType = sourcecode.swift; path = LuaRunner.swift; sourceTree = "<group>"; };
		9E93ECBE2BA14AE000879416 /* LuaRunnerDelegate.swift */ = {isa = PBXFileReference; lastKnownFileType = sourcecode.swift; path = LuaRunnerDelegate.swift; sourceTree = "<group>"; };
		9E93ECC12BA1555F00879416 /* LuaErrorExt.swift */ = {isa = PBXFileReference; lastKnownFileType = sourcecode.swift; path = LuaErrorExt.swift; sourceTree = "<group>"; };
		9E93ECC52BA1608300879416 /* Renderer.swift */ = {isa = PBXFileReference; lastKnownFileType = sourcecode.swift; path = Renderer.swift; sourceTree = "<group>"; };
		9E93ECCA2BA162C700879416 /* LuaExt.swift */ = {isa = PBXFileReference; lastKnownFileType = sourcecode.swift; path = LuaExt.swift; sourceTree = "<group>"; };
		9E93ECCC2BA1671700879416 /* CanvasViewDelegate.swift */ = {isa = PBXFileReference; lastKnownFileType = sourcecode.swift; path = CanvasViewDelegate.swift; sourceTree = "<group>"; };
		9E93ECCE2BA1689F00879416 /* CGColorExt.swift */ = {isa = PBXFileReference; lastKnownFileType = sourcecode.swift; path = CGColorExt.swift; sourceTree = "<group>"; };
/* End PBXFileReference section */

/* Begin PBXFrameworksBuildPhase section */
		9E6344592B9EF1B7005EF691 /* Frameworks */ = {
			isa = PBXFrameworksBuildPhase;
			buildActionMask = 2147483647;
			files = (
				9E269CF92B9F060000739F75 /* Cygnus in Frameworks */,
			);
			runOnlyForDeploymentPostprocessing = 0;
		};
/* End PBXFrameworksBuildPhase section */

/* Begin PBXGroup section */
		9E269D062B9FF07600739F75 /* Controller */ = {
			isa = PBXGroup;
			children = (
				9E269CFC2B9F09E200739F75 /* ReplWindowController.swift */,
			);
			path = Controller;
			sourceTree = "<group>";
		};
		9E269D072B9FF07F00739F75 /* View */ = {
			isa = PBXGroup;
			children = (
				9E6344632B9EF1BA005EF691 /* MainMenu.xib */,
				9E269CFD2B9F09E200739F75 /* ReplWindow.xib */,
				9E269D0A2BA02B5500739F75 /* CanvasClipView.swift */,
				9E269D022B9FE82000739F75 /* CanvasView.swift */,
				9E93ECCC2BA1671700879416 /* CanvasViewDelegate.swift */,
			);
			path = View;
			sourceTree = "<group>";
		};
		9E269D142BA140A600739F75 /* Resources */ = {
			isa = PBXGroup;
			children = (
				9E6344612B9EF1BA005EF691 /* Assets.xcassets */,
				9E269D172BA1414D00739F75 /* Sample.lua */,
			);
			path = Resources;
			sourceTree = "<group>";
		};
		9E6344532B9EF1B6005EF691 = {
			isa = PBXGroup;
			children = (
				9E63445E2B9EF1B7005EF691 /* Cygnus-demo-macOS */,
				9E63445D2B9EF1B7005EF691 /* Products */,
			);
			sourceTree = "<group>";
		};
		9E63445D2B9EF1B7005EF691 /* Products */ = {
			isa = PBXGroup;
			children = (
				9E63445C2B9EF1B7005EF691 /* Asteroid for mac.app */,
			);
			name = Products;
			sourceTree = "<group>";
		};
		9E63445E2B9EF1B7005EF691 /* Cygnus-demo-macOS */ = {
			isa = PBXGroup;
			children = (
				9E63445F2B9EF1B7005EF691 /* AppDelegate.swift */,
				9E93ECC72BA1614C00879416 /* Renderer */,
				9E93ECBD2BA14ADA00879416 /* Runner */,
				9E6344662B9EF1BA005EF691 /* Cygnus_demo_macOS.entitlements */,
				9E269D062B9FF07600739F75 /* Controller */,
				9E269D072B9FF07F00739F75 /* View */,
				9E269D142BA140A600739F75 /* Resources */,
				9E93ECC02BA1554F00879416 /* Extensions */,
			);
			path = "Cygnus-demo-macOS";
			sourceTree = "<group>";
		};
		9E93ECBD2BA14ADA00879416 /* Runner */ = {
			isa = PBXGroup;
			children = (
				9E93ECB82BA1469B00879416 /* LuaRunner.swift */,
				9E93ECBE2BA14AE000879416 /* LuaRunnerDelegate.swift */,
			);
			path = Runner;
			sourceTree = "<group>";
		};
		9E93ECC02BA1554F00879416 /* Extensions */ = {
			isa = PBXGroup;
			children = (
				9E93ECC12BA1555F00879416 /* LuaErrorExt.swift */,
				9E93ECCA2BA162C700879416 /* LuaExt.swift */,
				9E93ECCE2BA1689F00879416 /* CGColorExt.swift */,
			);
			path = Extensions;
			sourceTree = "<group>";
		};
		9E93ECC72BA1614C00879416 /* Renderer */ = {
			isa = PBXGroup;
			children = (
				9E93ECC52BA1608300879416 /* Renderer.swift */,
				9E898AC42BA1A1B30053B6CA /* Renderer+Graphics.swift */,
			);
			path = Renderer;
			sourceTree = "<group>";
		};
/* End PBXGroup section */

/* Begin PBXNativeTarget section */
		9E63445B2B9EF1B7005EF691 /* Asteroid for mac */ = {
			isa = PBXNativeTarget;
			buildConfigurationList = 9E6344692B9EF1BA005EF691 /* Build configuration list for PBXNativeTarget "Asteroid for mac" */;
			buildPhases = (
				9E6344582B9EF1B7005EF691 /* Sources */,
				9E6344592B9EF1B7005EF691 /* Frameworks */,
				9E63445A2B9EF1B7005EF691 /* Resources */,
			);
			buildRules = (
			);
			dependencies = (
			);
			name = "Asteroid for mac";
			packageProductDependencies = (
				9E269CF82B9F060000739F75 /* Cygnus */,
			);
			productName = "Cygnus-demo-macOS";
			productReference = 9E63445C2B9EF1B7005EF691 /* Asteroid for mac.app */;
			productType = "com.apple.product-type.application";
		};
/* End PBXNativeTarget section */

/* Begin PBXProject section */
		9E6344542B9EF1B6005EF691 /* Project object */ = {
			isa = PBXProject;
			attributes = {
				BuildIndependentTargetsInParallel = 1;
				LastSwiftUpdateCheck = 1520;
				LastUpgradeCheck = 1520;
				TargetAttributes = {
					9E63445B2B9EF1B7005EF691 = {
						CreatedOnToolsVersion = 15.2;
					};
				};
			};
			buildConfigurationList = 9E6344572B9EF1B6005EF691 /* Build configuration list for PBXProject "Cygnus-demo-macOS" */;
			compatibilityVersion = "Xcode 14.0";
			developmentRegion = en;
			hasScannedForEncodings = 0;
			knownRegions = (
				en,
				Base,
			);
			mainGroup = 9E6344532B9EF1B6005EF691;
			packageReferences = (
				9E269CF72B9F060000739F75 /* XCRemoteSwiftPackageReference "Cygnus" */,
			);
			productRefGroup = 9E63445D2B9EF1B7005EF691 /* Products */;
			projectDirPath = "";
			projectRoot = "";
			targets = (
				9E63445B2B9EF1B7005EF691 /* Asteroid for mac */,
			);
		};
/* End PBXProject section */

/* Begin PBXResourcesBuildPhase section */
		9E63445A2B9EF1B7005EF691 /* Resources */ = {
			isa = PBXResourcesBuildPhase;
			buildActionMask = 2147483647;
			files = (
				9E269D182BA1414D00739F75 /* Sample.lua in Resources */,
				9E6344622B9EF1BA005EF691 /* Assets.xcassets in Resources */,
				9E6344652B9EF1BA005EF691 /* MainMenu.xib in Resources */,
				9E269CFF2B9F09E200739F75 /* ReplWindow.xib in Resources */,
			);
			runOnlyForDeploymentPostprocessing = 0;
		};
/* End PBXResourcesBuildPhase section */

/* Begin PBXSourcesBuildPhase section */
		9E6344582B9EF1B7005EF691 /* Sources */ = {
			isa = PBXSourcesBuildPhase;
			buildActionMask = 2147483647;
			files = (
				9E93ECC62BA1608300879416 /* Renderer.swift in Sources */,
				9E93ECCF2BA1689F00879416 /* CGColorExt.swift in Sources */,
				9E93ECC22BA1555F00879416 /* LuaErrorExt.swift in Sources */,
				9E269D032B9FE82000739F75 /* CanvasView.swift in Sources */,
				9E93ECBF2BA14AE000879416 /* LuaRunnerDelegate.swift in Sources */,
				9E898AC52BA1A1B30053B6CA /* Renderer+Graphics.swift in Sources */,
				9E93ECB92BA1469B00879416 /* LuaRunner.swift in Sources */,
				9E269CFE2B9F09E200739F75 /* ReplWindowController.swift in Sources */,
				9E6344602B9EF1B7005EF691 /* AppDelegate.swift in Sources */,
				9E93ECCB2BA162C700879416 /* LuaExt.swift in Sources */,
				9E93ECCD2BA1671700879416 /* CanvasViewDelegate.swift in Sources */,
				9E269D0B2BA02B5500739F75 /* CanvasClipView.swift in Sources */,
			);
			runOnlyForDeploymentPostprocessing = 0;
		};
/* End PBXSourcesBuildPhase section */

/* Begin PBXVariantGroup section */
		9E6344632B9EF1BA005EF691 /* MainMenu.xib */ = {
			isa = PBXVariantGroup;
			children = (
				9E6344642B9EF1BA005EF691 /* Base */,
			);
			name = MainMenu.xib;
			sourceTree = "<group>";
		};
/* End PBXVariantGroup section */

/* Begin XCBuildConfiguration section */
		9E6344672B9EF1BA005EF691 /* Debug */ = {
			isa = XCBuildConfiguration;
			buildSettings = {
				ALWAYS_SEARCH_USER_PATHS = NO;
				ASSETCATALOG_COMPILER_GENERATE_SWIFT_ASSET_SYMBOL_EXTENSIONS = YES;
				CLANG_ANALYZER_NONNULL = YES;
				CLANG_ANALYZER_NUMBER_OBJECT_CONVERSION = YES_AGGRESSIVE;
				CLANG_CXX_LANGUAGE_STANDARD = "gnu++20";
				CLANG_ENABLE_MODULES = YES;
				CLANG_ENABLE_OBJC_ARC = YES;
				CLANG_ENABLE_OBJC_WEAK = YES;
				CLANG_WARN_BLOCK_CAPTURE_AUTORELEASING = YES;
				CLANG_WARN_BOOL_CONVERSION = YES;
				CLANG_WARN_COMMA = YES;
				CLANG_WARN_CONSTANT_CONVERSION = YES;
				CLANG_WARN_DEPRECATED_OBJC_IMPLEMENTATIONS = YES;
				CLANG_WARN_DIRECT_OBJC_ISA_USAGE = YES_ERROR;
				CLANG_WARN_DOCUMENTATION_COMMENTS = YES;
				CLANG_WARN_EMPTY_BODY = YES;
				CLANG_WARN_ENUM_CONVERSION = YES;
				CLANG_WARN_INFINITE_RECURSION = YES;
				CLANG_WARN_INT_CONVERSION = YES;
				CLANG_WARN_NON_LITERAL_NULL_CONVERSION = YES;
				CLANG_WARN_OBJC_IMPLICIT_RETAIN_SELF = YES;
				CLANG_WARN_OBJC_LITERAL_CONVERSION = YES;
				CLANG_WARN_OBJC_ROOT_CLASS = YES_ERROR;
				CLANG_WARN_QUOTED_INCLUDE_IN_FRAMEWORK_HEADER = YES;
				CLANG_WARN_RANGE_LOOP_ANALYSIS = YES;
				CLANG_WARN_STRICT_PROTOTYPES = YES;
				CLANG_WARN_SUSPICIOUS_MOVE = YES;
				CLANG_WARN_UNGUARDED_AVAILABILITY = YES_AGGRESSIVE;
				CLANG_WARN_UNREACHABLE_CODE = YES;
				CLANG_WARN__DUPLICATE_METHOD_MATCH = YES;
				COPY_PHASE_STRIP = NO;
				DEBUG_INFORMATION_FORMAT = dwarf;
				ENABLE_STRICT_OBJC_MSGSEND = YES;
				ENABLE_TESTABILITY = YES;
				ENABLE_USER_SCRIPT_SANDBOXING = YES;
				GCC_C_LANGUAGE_STANDARD = gnu17;
				GCC_DYNAMIC_NO_PIC = NO;
				GCC_NO_COMMON_BLOCKS = YES;
				GCC_OPTIMIZATION_LEVEL = 0;
				GCC_PREPROCESSOR_DEFINITIONS = (
					"DEBUG=1",
					"$(inherited)",
				);
				GCC_WARN_64_TO_32_BIT_CONVERSION = YES;
				GCC_WARN_ABOUT_RETURN_TYPE = YES_ERROR;
				GCC_WARN_UNDECLARED_SELECTOR = YES;
				GCC_WARN_UNINITIALIZED_AUTOS = YES_AGGRESSIVE;
				GCC_WARN_UNUSED_FUNCTION = YES;
				GCC_WARN_UNUSED_VARIABLE = YES;
				LOCALIZATION_PREFERS_STRING_CATALOGS = YES;
				MACOSX_DEPLOYMENT_TARGET = 13.6;
				MTL_ENABLE_DEBUG_INFO = INCLUDE_SOURCE;
				MTL_FAST_MATH = YES;
				ONLY_ACTIVE_ARCH = YES;
				SDKROOT = macosx;
				SWIFT_ACTIVE_COMPILATION_CONDITIONS = "DEBUG $(inherited)";
				SWIFT_OPTIMIZATION_LEVEL = "-Onone";
			};
			name = Debug;
		};
		9E6344682B9EF1BA005EF691 /* Release */ = {
			isa = XCBuildConfiguration;
			buildSettings = {
				ALWAYS_SEARCH_USER_PATHS = NO;
				ASSETCATALOG_COMPILER_GENERATE_SWIFT_ASSET_SYMBOL_EXTENSIONS = YES;
				CLANG_ANALYZER_NONNULL = YES;
				CLANG_ANALYZER_NUMBER_OBJECT_CONVERSION = YES_AGGRESSIVE;
				CLANG_CXX_LANGUAGE_STANDARD = "gnu++20";
				CLANG_ENABLE_MODULES = YES;
				CLANG_ENABLE_OBJC_ARC = YES;
				CLANG_ENABLE_OBJC_WEAK = YES;
				CLANG_WARN_BLOCK_CAPTURE_AUTORELEASING = YES;
				CLANG_WARN_BOOL_CONVERSION = YES;
				CLANG_WARN_COMMA = YES;
				CLANG_WARN_CONSTANT_CONVERSION = YES;
				CLANG_WARN_DEPRECATED_OBJC_IMPLEMENTATIONS = YES;
				CLANG_WARN_DIRECT_OBJC_ISA_USAGE = YES_ERROR;
				CLANG_WARN_DOCUMENTATION_COMMENTS = YES;
				CLANG_WARN_EMPTY_BODY = YES;
				CLANG_WARN_ENUM_CONVERSION = YES;
				CLANG_WARN_INFINITE_RECURSION = YES;
				CLANG_WARN_INT_CONVERSION = YES;
				CLANG_WARN_NON_LITERAL_NULL_CONVERSION = YES;
				CLANG_WARN_OBJC_IMPLICIT_RETAIN_SELF = YES;
				CLANG_WARN_OBJC_LITERAL_CONVERSION = YES;
				CLANG_WARN_OBJC_ROOT_CLASS = YES_ERROR;
				CLANG_WARN_QUOTED_INCLUDE_IN_FRAMEWORK_HEADER = YES;
				CLANG_WARN_RANGE_LOOP_ANALYSIS = YES;
				CLANG_WARN_STRICT_PROTOTYPES = YES;
				CLANG_WARN_SUSPICIOUS_MOVE = YES;
				CLANG_WARN_UNGUARDED_AVAILABILITY = YES_AGGRESSIVE;
				CLANG_WARN_UNREACHABLE_CODE = YES;
				CLANG_WARN__DUPLICATE_METHOD_MATCH = YES;
				COPY_PHASE_STRIP = NO;
				DEBUG_INFORMATION_FORMAT = "dwarf-with-dsym";
				ENABLE_NS_ASSERTIONS = NO;
				ENABLE_STRICT_OBJC_MSGSEND = YES;
				ENABLE_USER_SCRIPT_SANDBOXING = YES;
				GCC_C_LANGUAGE_STANDARD = gnu17;
				GCC_NO_COMMON_BLOCKS = YES;
				GCC_WARN_64_TO_32_BIT_CONVERSION = YES;
				GCC_WARN_ABOUT_RETURN_TYPE = YES_ERROR;
				GCC_WARN_UNDECLARED_SELECTOR = YES;
				GCC_WARN_UNINITIALIZED_AUTOS = YES_AGGRESSIVE;
				GCC_WARN_UNUSED_FUNCTION = YES;
				GCC_WARN_UNUSED_VARIABLE = YES;
				LOCALIZATION_PREFERS_STRING_CATALOGS = YES;
				MACOSX_DEPLOYMENT_TARGET = 13.6;
				MTL_ENABLE_DEBUG_INFO = NO;
				MTL_FAST_MATH = YES;
				SDKROOT = macosx;
				SWIFT_COMPILATION_MODE = wholemodule;
			};
			name = Release;
		};
		9E63446A2B9EF1BA005EF691 /* Debug */ = {
			isa = XCBuildConfiguration;
			buildSettings = {
				ASSETCATALOG_COMPILER_APPICON_NAME = AppIcon;
				ASSETCATALOG_COMPILER_GLOBAL_ACCENT_COLOR_NAME = AccentColor;
				CODE_SIGN_ENTITLEMENTS = "Cygnus-demo-macOS/Cygnus_demo_macOS.entitlements";
				CODE_SIGN_STYLE = Automatic;
				COMBINE_HIDPI_IMAGES = YES;
				CURRENT_PROJECT_VERSION = 1;
				DEVELOPMENT_ASSET_PATHS = "Cygnus-demo-macOS/Resources/Sample.lua";
				DEVELOPMENT_TEAM = 9JTFXT4CWH;
				ENABLE_HARDENED_RUNTIME = YES;
				GENERATE_INFOPLIST_FILE = YES;
				INFOPLIST_KEY_NSHumanReadableCopyright = "";
				INFOPLIST_KEY_NSMainNibFile = MainMenu;
				INFOPLIST_KEY_NSPrincipalClass = NSApplication;
				LD_RUNPATH_SEARCH_PATHS = (
					"$(inherited)",
					"@executable_path/../Frameworks",
				);
				MACOSX_DEPLOYMENT_TARGET = 11.0;
				MARKETING_VERSION = 0.1.0;
				PRODUCT_BUNDLE_IDENTIFIER = "enchantcode.Cygnus-demo-macOS";
				PRODUCT_NAME = "$(TARGET_NAME)";
				SWIFT_EMIT_LOC_STRINGS = YES;
				SWIFT_VERSION = 5.0;
			};
			name = Debug;
		};
		9E63446B2B9EF1BA005EF691 /* Release */ = {
			isa = XCBuildConfiguration;
			buildSettings = {
				ASSETCATALOG_COMPILER_APPICON_NAME = AppIcon;
				ASSETCATALOG_COMPILER_GLOBAL_ACCENT_COLOR_NAME = AccentColor;
				CODE_SIGN_ENTITLEMENTS = "Cygnus-demo-macOS/Cygnus_demo_macOS.entitlements";
				CODE_SIGN_STYLE = Automatic;
				COMBINE_HIDPI_IMAGES = YES;
				CURRENT_PROJECT_VERSION = 1;
				DEVELOPMENT_ASSET_PATHS = "Cygnus-demo-macOS/Resources/Sample.lua";
				DEVELOPMENT_TEAM = 9JTFXT4CWH;
				ENABLE_HARDENED_RUNTIME = YES;
				GENERATE_INFOPLIST_FILE = YES;
				INFOPLIST_KEY_NSHumanReadableCopyright = "";
				INFOPLIST_KEY_NSMainNibFile = MainMenu;
				INFOPLIST_KEY_NSPrincipalClass = NSApplication;
				LD_RUNPATH_SEARCH_PATHS = (
					"$(inherited)",
					"@executable_path/../Frameworks",
				);
				MACOSX_DEPLOYMENT_TARGET = 11.0;
				MARKETING_VERSION = 0.1.0;
				PRODUCT_BUNDLE_IDENTIFIER = "enchantcode.Cygnus-demo-macOS";
				PRODUCT_NAME = "$(TARGET_NAME)";
				SWIFT_EMIT_LOC_STRINGS = YES;
				SWIFT_VERSION = 5.0;
			};
			name = Release;
		};
/* End XCBuildConfiguration section */

/* Begin XCConfigurationList section */
		9E6344572B9EF1B6005EF691 /* Build configuration list for PBXProject "Cygnus-demo-macOS" */ = {
			isa = XCConfigurationList;
			buildConfigurations = (
				9E6344672B9EF1BA005EF691 /* Debug */,
				9E6344682B9EF1BA005EF691 /* Release */,
			);
			defaultConfigurationIsVisible = 0;
			defaultConfigurationName = Release;
		};
		9E6344692B9EF1BA005EF691 /* Build configuration list for PBXNativeTarget "Asteroid for mac" */ = {
			isa = XCConfigurationList;
			buildConfigurations = (
				9E63446A2B9EF1BA005EF691 /* Debug */,
				9E63446B2B9EF1BA005EF691 /* Release */,
			);
			defaultConfigurationIsVisible = 0;
			defaultConfigurationName = Release;
		};
/* End XCConfigurationList section */

/* Begin XCRemoteSwiftPackageReference section */
		9E269CF72B9F060000739F75 /* XCRemoteSwiftPackageReference "Cygnus" */ = {
			isa = XCRemoteSwiftPackageReference;
			repositoryURL = "https://github.com/Enchan1207/Cygnus";
			requirement = {
				kind = upToNextMajorVersion;
				minimumVersion = 1.0.0;
			};
		};
/* End XCRemoteSwiftPackageReference section */

/* Begin XCSwiftPackageProductDependency section */
		9E269CF82B9F060000739F75 /* Cygnus */ = {
			isa = XCSwiftPackageProductDependency;
			package = 9E269CF72B9F060000739F75 /* XCRemoteSwiftPackageReference "Cygnus" */;
			productName = Cygnus;
		};
/* End XCSwiftPackageProductDependency section */
	};
	rootObject = 9E6344542B9EF1B6005EF691 /* Project object */;
}
